
Microsoft Visual Studio Solution File, Format Version 12.00
# Visual Studio 15
VisualStudioVersion = 15.0.26730.16
MinimumVisualStudioVersion = 10.0.40219.1
Project("{FAE04EC0-301F-11D3-BF4B-00C04F79EFBC}") = "projectManagementToolWebAPI", "projectManagementToolWebAPI\projectManagementToolWebAPI.csproj", "{E5AA3F40-BA8D-4AF5-A0A0-E57447B1A3EA}"
EndProject
Project("{2150E333-8FDC-42A3-9474-1A3956D46DE8}") = ".nuget", ".nuget", "{98AD9A91-75AA-4024-854A-F5D7CC0DE152}"
	ProjectSection(SolutionItems) = preProject
		.nuget\packages.config = .nuget\packages.config
	EndProjectSection
EndProject
Project("{FAE04EC0-301F-11D3-BF4B-00C04F79EFBC}") = "ProjectManagementToolAPITest", "ProjectManagementToolAPITest\ProjectManagementToolAPITest.csproj", "{EFF7074A-839D-4AAE-8B18-CD08C388B5C2}"
EndProject
Global
	GlobalSection(SolutionConfigurationPlatforms) = preSolution
		Debug|Any CPU = Debug|Any CPU
		Release|Any CPU = Release|Any CPU
	EndGlobalSection
	GlobalSection(ProjectConfigurationPlatforms) = postSolution
		{E5AA3F40-BA8D-4AF5-A0A0-E57447B1A3EA}.Debug|Any CPU.ActiveCfg = Debug|Any CPU
		{E5AA3F40-BA8D-4AF5-A0A0-E57447B1A3EA}.Debug|Any CPU.Build.0 = Debug|Any CPU
		{E5AA3F40-BA8D-4AF5-A0A0-E57447B1A3EA}.Release|Any CPU.ActiveCfg = Release|Any CPU
		{E5AA3F40-BA8D-4AF5-A0A0-E57447B1A3EA}.Release|Any CPU.Build.0 = Release|Any CPU
		{EFF7074A-839D-4AAE-8B18-CD08C388B5C2}.Debug|Any CPU.ActiveCfg = Debug|Any CPU
		{EFF7074A-839D-4AAE-8B18-CD08C388B5C2}.Debug|Any CPU.Build.0 = Debug|Any CPU
		{EFF7074A-839D-4AAE-8B18-CD08C388B5C2}.Release|Any CPU.ActiveCfg = Release|Any CPU
		{EFF7074A-839D-4AAE-8B18-CD08C388B5C2}.Release|Any CPU.Build.0 = Release|Any CPU
	EndGlobalSection
	GlobalSection(SolutionProperties) = preSolution
		HideSolutionNode = FALSE
	EndGlobalSection
	GlobalSection(ExtensibilityGlobals) = postSolution
		SolutionGuid = {6C934ADF-E5D3-4637-BD12-A38911563E12}
	EndGlobalSection
EndGlobal
